
Microsoft Visual Studio Solution File, Format Version 12.00
# Visual Studio Version 16
VisualStudioVersion = 16.0.31410.357
MinimumVisualStudioVersion = 10.0.40219.1
Project("{FAE04EC0-301F-11D3-BF4B-00C04F79EFBC}") = "IndianCensusProject", "IndianCensusProject\IndianCensusProject.csproj", "{AB570387-8E1B-4140-9C29-92B051F2095B}"
EndProject
Global
	GlobalSection(SolutionConfigurationPlatforms) = preSolution
		Debug|Any CPU = Debug|Any CPU
		Release|Any CPU = Release|Any CPU
	EndGlobalSection
	GlobalSection(ProjectConfigurationPlatforms) = postSolution
		{AB570387-8E1B-4140-9C29-92B051F2095B}.Debug|Any CPU.ActiveCfg = Debug|Any CPU
		{AB570387-8E1B-4140-9C29-92B051F2095B}.Debug|Any CPU.Build.0 = Debug|Any CPU
		{AB570387-8E1B-4140-9C29-92B051F2095B}.Release|Any CPU.ActiveCfg = Release|Any CPU
		{AB570387-8E1B-4140-9C29-92B051F2095B}.Release|Any CPU.Build.0 = Release|Any CPU
	EndGlobalSection
	GlobalSection(SolutionProperties) = preSolution
		HideSolutionNode = FALSE
	EndGlobalSection
	GlobalSection(ExtensibilityGlobals) = postSolution
		SolutionGuid = {0CC0AC5D-2A65-4712-B2BD-2DBEF87959E2}
	EndGlobalSection
EndGlobal
